PODS:
  - CropViewController (2.6.1)
  - DKCamera (1.6.7)
  - DKImagePickerController (4.3.4):
    - DKImagePickerController/Camera (= 4.3.4)
    - DKImagePickerController/Core (= 4.3.4)
    - DKImagePickerController/ImageDataManager (= 4.3.4)
    - DKImagePickerController/InlineCamera (= 4.3.4)
    - DKImagePickerController/PhotoEditor (= 4.3.4)
    - DKImagePickerController/PhotoGallery (= 4.3.4)
    - DKImagePickerController/Resource (= 4.3.4)
  - DKImagePickerController/Camera (4.3.4):
    - DKCamera
    - DKImagePickerController/Core
  - DKImagePickerController/Core (4.3.4):
    - DKImagePickerController/ImageDataManager
    - DKImagePickerController/Resource
  - DKImagePickerController/ImageDataManager (4.3.4)
  - DKImagePickerController/InlineCamera (4.3.4):
    - DKCamera
    - DKImagePickerController/Core
  - DKImagePickerController/PhotoEditor (4.3.4):
    - CropViewController (~> 2.5)
    - DKImagePickerController/Core
  - DKImagePickerController/PhotoGallery (4.3.4):
    - DKImagePickerController/Core
    - DKPhotoGallery
  - DKImagePickerController/Resource (4.3.4)
  - DKPhotoGallery (0.0.17):
    - DKPhotoGallery/Core (= 0.0.17)
    - DKPhotoGallery/Model (= 0.0.17)
    - DKPhotoGallery/Preview (= 0.0.17)
    - DKPhotoGallery/Resource (= 0.0.17)
    - SDWebImage
    - SwiftyGif
  - DKPhotoGallery/Core (0.0.17):
    - DKPhotoGallery/Model
    - DKPhotoGallery/Preview
    - SDWebImage
    - SwiftyGif
  - DKPhotoGallery/Model (0.0.17):
    - SDWebImage
    - SwiftyGif
  - DKPhotoGallery/Preview (0.0.17):
    - DKPhotoGallery/Model
    - DKPhotoGallery/Resource
    - SDWebImage
    - SwiftyGif
  - DKPhotoGallery/Resource (0.0.17):
    - SDWebImage
    - SwiftyGif
  - FMDB (2.7.5):
    - FMDB/standard (= 2.7.5)
  - FMDB/standard (2.7.5)
  - IJKMediaFramework (0.1.5)
  - JLRoutes (2.1)
  - NASSDK (1.4.7):
    - DKImagePickerController (~> 4.3.4)
    - FMDB (>= 2.7.5)
    - SDWebImage (>= 5.10.4)
    - YYModel (~> 1.0.4)
  - SDWebImage (5.16.0):
    - SDWebImage/Core (= 5.16.0)
  - SDWebImage/Core (5.16.0)
  - SwiftyGif (5.4.4)
  - YYModel (1.0.4)
  - ZFPlayer/ControlView (4.1.4):
    - ZFPlayer/Core
  - ZFPlayer/Core (4.1.4)
  - ZFPlayer/ijkplayer (4.1.4):
    - IJKMediaFramework
    - ZFPlayer/Core

DEPENDENCIES:
  - JLRoutes
  - NASSDK (= 1.4.7)
  - ZFPlayer/ControlView (~> 4.0)
  - ZFPlayer/ijkplayer (~> 4.0)

SPEC REPOS:
  https://github.com/CocoaPods/Specs.git:
    - CropViewController
    - DKCamera
    - DKImagePickerController
    - DKPhotoGallery
    - FMDB
    - IJKMediaFramework
    - JLRoutes
    - NASSDK
    - SDWebImage
    - SwiftyGif
    - YYModel
    - ZFPlayer

SPEC CHECKSUMS:
  CropViewController: 58fb440f30dac788b129d2a1f24cffdcb102669c
  DKCamera: a902b66921fca14b7a75266feb8c7568aa7caa71
  DKImagePickerController: b512c28220a2b8ac7419f21c491fc8534b7601ac
  DKPhotoGallery: fdfad5125a9fdda9cc57df834d49df790dbb4179
  FMDB: 2ce00b547f966261cd18927a3ddb07cb6f3db82a
  IJKMediaFramework: f1119f6324c96bc4654f3045a5beaa95ba0596c0
  JLRoutes: d755245322b94227662ea3e43492fdca94e05c5b
  NASSDK: d93f1044df83efee4b3b9235292b23f8120dc4d2
  SDWebImage: 2aea163b50bfcb569a2726b6a754c54a4506fcf6
  SwiftyGif: 93a1cc87bf3a51916001cf8f3d63835fb64c819f
  YYModel: 2a7fdd96aaa4b86a824e26d0c517de8928c04b30
  ZFPlayer: 5cf39e8d9f0c2394a014b0db4767b5b5a6bffe13

PODFILE CHECKSUM: 4cbdf9a11283153da14e0ede6bdebed7c0ae7b29

COCOAPODS: 1.12.1
